
Microsoft Visual Studio Solution File, Format Version 12.00
# Visual Studio Version 16
VisualStudioVersion = 16.0.29613.14
MinimumVisualStudioVersion = 10.0.40219.1
Project("{8BC9CEB8-8B4A-11D0-8D11-00A0C91BC942}") = "ConsoleApplication1", "ConsoleApplication1.vcxproj", "{54FF8084-E913-4CD5-8DE4-7C4441FA40DB}"
EndProject
Global
	GlobalSection(SolutionConfigurationPlatforms) = preSolution
		Debug|x64 = Debug|x64
		Debug|x86 = Debug|x86
		Release|x64 = Release|x64
		Release|x86 = Release|x86
	EndGlobalSection
	GlobalSection(ProjectConfigurationPlatforms) = postSolution
		{54FF8084-E913-4CD5-8DE4-7C4441FA40DB}.Debug|x64.ActiveCfg = Debug|x64
		{54FF8084-E913-4CD5-8DE4-7C4441FA40DB}.Debug|x64.Build.0 = Debug|x64
		{54FF8084-E913-4CD5-8DE4-7C4441FA40DB}.Debug|x86.ActiveCfg = Debug|Win32
		{54FF8084-E913-4CD5-8DE4-7C4441FA40DB}.Debug|x86.Build.0 = Debug|Win32
		{54FF8084-E913-4CD5-8DE4-7C4441FA40DB}.Release|x64.ActiveCfg = Release|x64
		{54FF8084-E913-4CD5-8DE4-7C4441FA40DB}.Release|x64.Build.0 = Release|x64
		{54FF8084-E913-4CD5-8DE4-7C4441FA40DB}.Release|x86.ActiveCfg = Release|Win32
		{54FF8084-E913-4CD5-8DE4-7C4441FA40DB}.Release|x86.Build.0 = Release|Win32
	EndGlobalSection
	GlobalSection(SolutionProperties) = preSolution
		HideSolutionNode = FALSE
	EndGlobalSection
	GlobalSection(ExtensibilityGlobals) = postSolution
		SolutionGuid = {9B39A40E-21FD-43EA-AFE2-78CEDBEF235F}
	EndGlobalSection
EndGlobal
